<?xml version="1.0" encoding="UTF-8" standalone="yes" ?>
<CodeBlocks_project_file>
	<FileVersion major="1" minor="6" />
	<Project>
		<Option title="OpenGL32" />
		<Option pch_mode="2" />
		<Option compiler="gcc" />
		<Build>
			<Target title="Debug">
				<Option output="bin\Debug\OpenGL32" prefix_auto="1" extension_auto="1" />
				<Option object_output="obj\Debug\" />
				<Option type="3" />
				<Option compiler="gcc" />
				<Option createDefFile="1" />
				<Option createStaticLib="1" />
				<Compiler>
					<Add option="-std=c++0x" />
					<Add option="-Wall" />
					<Add option="-g" />
					<Add option="-DBUILD_DLL" />
					<Add directory="PurelyCPlusPlus\Libraries\Boost" />
					<Add directory="PurelyCPlusPlus\Libraries\Curl" />
					<Add directory="PurelyCPlusPlus\Libraries\ZLib\Include" />
				</Compiler>
				<Linker>
					<Add library="user32" />
					<Add library="gdi32" />
					<Add library="gdiplus" />
					<Add library="opengl32" />
					<Add library="C:\Users\Brandon\Desktop\OpenGL32\GLHook.def" />
					<Add library="curl" />
					<Add library="ws2_32" />
					<Add library="wldap32" />
					<Add library="winmm" />
					<Add library="PurelyCPlusPlus\Libraries\Boost\lib\libboost_regex-mgw47-mt-1_49.a" />
					<Add library="Comdlg32" />
					<Add library="C:\Users\Brandon\Desktop\OpenGL32\PurelyCPlusPlus\Libraries\ZLib\Lib\libz.a" />
					<Add directory="PurelyCPlusPlus\Libraries\Boost\lib" />
					<Add directory="PurelyCPlusPlus\Libraries\ZLib\Lib" />
					<Add directory="PurelyCPlusPlus\Libraries\Curl\lib" />
				</Linker>
			</Target>
			<Target title="Release">
				<Option output="bin\Release\OpenGL32" prefix_auto="1" extension_auto="1" />
				<Option object_output="obj\Release\" />
				<Option type="3" />
				<Option compiler="gcc" />
				<Option createDefFile="1" />
				<Option createStaticLib="1" />
				<Compiler>
					<Add option="-O2" />
					<Add option="-std=c++0x" />
					<Add option="-Wall" />
					<Add option="-DBUILD_DLL" />
					<Add directory="PurelyCPlusPlus\Libraries\Boost" />
					<Add directory="PurelyCPlusPlus\Libraries\Curl" />
					<Add directory="PurelyCPlusPlus\Libraries\ZLib\Include" />
				</Compiler>
				<Linker>
					<Add option="-s" />
					<Add option="-static" />
					<Add library="user32" />
					<Add library="gdi32" />
					<Add library="opengl32" />
					<Add library="C:\Users\Brandon\Desktop\OpenGL32\GLHook.def" />
					<Add library="curl" />
					<Add library="ws2_32" />
					<Add library="wldap32" />
					<Add library="winmm" />
					<Add library="PurelyCPlusPlus\Libraries\Boost\lib\libboost_regex-mgw47-mt-1_49.a" />
					<Add library="Comdlg32" />
					<Add library="C:\Users\Brandon\Desktop\OpenGL32\PurelyCPlusPlus\Libraries\ZLib\Lib\libz.a" />
					<Add directory="PurelyCPlusPlus\Libraries\Boost\lib" />
					<Add directory="PurelyCPlusPlus\Libraries\ZLib\Lib" />
					<Add directory="PurelyCPlusPlus\Libraries\Curl\lib" />
				</Linker>
			</Target>
		</Build>
		<Compiler>
			<Add directory="PurelyCPlusPlus\Libraries\Boost" />
			<Add directory="PurelyCPlusPlus\Libraries\Curl" />
			<Add directory="PurelyCPlusPlus\Libraries\ZLib\Include" />
		</Compiler>
		<Linker>
			<Add library="user32" />
			<Add library="gdi32" />
			<Add library="gdiplus" />
			<Add library="opengl32" />
			<Add library="C:\Users\Brandon\Desktop\OpenGL32\GLHook.def" />
			<Add library="curl" />
			<Add library="ws2_32" />
			<Add library="wldap32" />
			<Add library="winmm" />
			<Add library="PurelyCPlusPlus\Libraries\Boost\lib\libboost_regex-mgw47-mt-1_49.a" />
			<Add library="Comdlg32" />
			<Add library="C:\Users\Brandon\Desktop\OpenGL32\PurelyCPlusPlus\Libraries\ZLib\Lib\libz.a" />
			<Add directory="PurelyCPlusPlus\Libraries\Boost\lib" />
			<Add directory="PurelyCPlusPlus\Libraries\ZLib\Lib" />
			<Add directory="PurelyCPlusPlus\Libraries\Curl\lib" />
		</Linker>
		<Unit filename="Commands.cpp" />
		<Unit filename="Commands.hpp" />
		<Unit filename="GLHook.cpp" />
		<Unit filename="GLHook.def" />
		<Unit filename="GLHook.hpp" />
		<Unit filename="Models.cpp" />
		<Unit filename="Models.hpp" />
		<Unit filename="PurelyCPlusPlus\Base64.cpp" />
		<Unit filename="PurelyCPlusPlus\Base64.hpp" />
		<Unit filename="PurelyCPlusPlus\Bitmaps.cpp" />
		<Unit filename="PurelyCPlusPlus\Bitmaps.hpp" />
		<Unit filename="PurelyCPlusPlus\Brushes.cpp" />
		<Unit filename="PurelyCPlusPlus\Brushes.hpp" />
		<Unit filename="PurelyCPlusPlus\Debug.cpp" />
		<Unit filename="PurelyCPlusPlus\Debug.hpp" />
		<Unit filename="PurelyCPlusPlus\Defines.hpp" />
		<Unit filename="PurelyCPlusPlus\Finder.cpp" />
		<Unit filename="PurelyCPlusPlus\Finder.hpp" />
		<Unit filename="PurelyCPlusPlus\Functions.cpp" />
		<Unit filename="PurelyCPlusPlus\Functions.hpp" />
		<Unit filename="PurelyCPlusPlus\Mathematics.cpp" />
		<Unit filename="PurelyCPlusPlus\Mathematics.hpp" />
		<Unit filename="PurelyCPlusPlus\Pens.cpp" />
		<Unit filename="PurelyCPlusPlus\Pens.hpp" />
		<Unit filename="PurelyCPlusPlus\RegEx.cpp" />
		<Unit filename="PurelyCPlusPlus\RegEx.hpp" />
		<Unit filename="PurelyCPlusPlus\Sockets.cpp" />
		<Unit filename="PurelyCPlusPlus\Sockets.hpp" />
		<Unit filename="PurelyCPlusPlus\Strings.cpp" />
		<Unit filename="PurelyCPlusPlus\Strings.hpp" />
		<Unit filename="PurelyCPlusPlus\System.cpp" />
		<Unit filename="PurelyCPlusPlus\System.hpp" />
		<Unit filename="PurelyCPlusPlus\Templates.hpp" />
		<Unit filename="PurelyCPlusPlus\Types.cpp" />
		<Unit filename="PurelyCPlusPlus\Types.hpp" />
		<Unit filename="RSHooks.cpp" />
		<Unit filename="RSHooks.hpp" />
		<Unit filename="main.cpp" />
		<Extensions>
			<code_completion />
			<debugger />
		</Extensions>
	</Project>
</CodeBlocks_project_file>
